
Microsoft Visual Studio Solution File, Format Version 12.00
# Visual Studio Version 16
VisualStudioVersion = 16.0.30002.166
MinimumVisualStudioVersion = 10.0.40219.1
Project("{6EC3EE1D-3C4E-46DD-8F32-0CC8E7565705}") = "BundesligaApi", "BundesligaApi\BundesligaApi.fsproj", "{D1CE1375-16D9-409C-947B-2798D2298ABF}"
EndProject
Project("{6EC3EE1D-3C4E-46DD-8F32-0CC8E7565705}") = "BundesligaApiTests", "BundesligaApiTests\BundesligaApiTests.fsproj", "{AD29B61C-7397-40C4-8015-48BFAA405BB6}"
EndProject
Global
	GlobalSection(SolutionConfigurationPlatforms) = preSolution
		Debug|Any CPU = Debug|Any CPU
		Release|Any CPU = Release|Any CPU
	EndGlobalSection
	GlobalSection(ProjectConfigurationPlatforms) = postSolution
		{D1CE1375-16D9-409C-947B-2798D2298ABF}.Debug|Any CPU.ActiveCfg = Debug|Any CPU
		{D1CE1375-16D9-409C-947B-2798D2298ABF}.Debug|Any CPU.Build.0 = Debug|Any CPU
		{D1CE1375-16D9-409C-947B-2798D2298ABF}.Release|Any CPU.ActiveCfg = Release|Any CPU
		{D1CE1375-16D9-409C-947B-2798D2298ABF}.Release|Any CPU.Build.0 = Release|Any CPU
		{AD29B61C-7397-40C4-8015-48BFAA405BB6}.Debug|Any CPU.ActiveCfg = Debug|Any CPU
		{AD29B61C-7397-40C4-8015-48BFAA405BB6}.Debug|Any CPU.Build.0 = Debug|Any CPU
		{AD29B61C-7397-40C4-8015-48BFAA405BB6}.Release|Any CPU.ActiveCfg = Release|Any CPU
		{AD29B61C-7397-40C4-8015-48BFAA405BB6}.Release|Any CPU.Build.0 = Release|Any CPU
	EndGlobalSection
	GlobalSection(SolutionProperties) = preSolution
		HideSolutionNode = FALSE
	EndGlobalSection
	GlobalSection(ExtensibilityGlobals) = postSolution
		SolutionGuid = {E8D6244B-879F-4AED-9223-3B34738B6464}
	EndGlobalSection
EndGlobal
